
Microsoft Visual Studio Solution File, Format Version 12.00
# Visual Studio 15
VisualStudioVersion = 15.0.27130.2026
MinimumVisualStudioVersion = 10.0.40219.1
Project("{FAE04EC0-301F-11D3-BF4B-00C04F79EFBC}") = "Game", "Game\Game.csproj", "{F7F1955A-038F-4E48-8C4D-3F60D73C192C}"
EndProject
Project("{FAE04EC0-301F-11D3-BF4B-00C04F79EFBC}") = "Nez.PipelineImporter", "Nez.PipelineImporter\Nez.PipelineImporter.csproj", "{63E831F4-B847-4150-B5AF-CBE059EE27B8}"
EndProject
Project("{FAE04EC0-301F-11D3-BF4B-00C04F79EFBC}") = "Nez", "Nez.Portable\Nez.csproj", "{60B7197D-D0D5-405C-90A2-A56903E9B039}"
EndProject
Global
	GlobalSection(SolutionConfigurationPlatforms) = preSolution
		Debug|Any CPU = Debug|Any CPU
		Release|Any CPU = Release|Any CPU
	EndGlobalSection
	GlobalSection(ProjectConfigurationPlatforms) = postSolution
		{F7F1955A-038F-4E48-8C4D-3F60D73C192C}.Debug|Any CPU.ActiveCfg = Debug|Any CPU
		{F7F1955A-038F-4E48-8C4D-3F60D73C192C}.Debug|Any CPU.Build.0 = Debug|Any CPU
		{F7F1955A-038F-4E48-8C4D-3F60D73C192C}.Release|Any CPU.ActiveCfg = Release|Any CPU
		{F7F1955A-038F-4E48-8C4D-3F60D73C192C}.Release|Any CPU.Build.0 = Release|Any CPU
		{63E831F4-B847-4150-B5AF-CBE059EE27B8}.Debug|Any CPU.ActiveCfg = Debug|Any CPU
		{63E831F4-B847-4150-B5AF-CBE059EE27B8}.Debug|Any CPU.Build.0 = Debug|Any CPU
		{63E831F4-B847-4150-B5AF-CBE059EE27B8}.Release|Any CPU.ActiveCfg = Release|Any CPU
		{63E831F4-B847-4150-B5AF-CBE059EE27B8}.Release|Any CPU.Build.0 = Release|Any CPU
		{60B7197D-D0D5-405C-90A2-A56903E9B039}.Debug|Any CPU.ActiveCfg = Debug|Any CPU
		{60B7197D-D0D5-405C-90A2-A56903E9B039}.Debug|Any CPU.Build.0 = Debug|Any CPU
		{60B7197D-D0D5-405C-90A2-A56903E9B039}.Release|Any CPU.ActiveCfg = Release|Any CPU
		{60B7197D-D0D5-405C-90A2-A56903E9B039}.Release|Any CPU.Build.0 = Release|Any CPU
	EndGlobalSection
	GlobalSection(SolutionProperties) = preSolution
		HideSolutionNode = FALSE
	EndGlobalSection
	GlobalSection(ExtensibilityGlobals) = postSolution
		SolutionGuid = {FC23CA43-2EF3-403A-A4DD-B45341F82D31}
	EndGlobalSection
EndGlobal
